
Microsoft Visual Studio Solution File, Format Version 12.00
# Visual Studio 15
VisualStudioVersion = 15.0.27130.2010
MinimumVisualStudioVersion = 10.0.40219.1
Project("{FAE04EC0-301F-11D3-BF4B-00C04F79EFBC}") = "Homework5Part2", "Homework5Part2\Homework5Part2.csproj", "{46426621-3BBD-401F-AC99-36AB6498D1AE}"
EndProject
Global
	GlobalSection(SolutionConfigurationPlatforms) = preSolution
		Debug|Any CPU = Debug|Any CPU
		Release|Any CPU = Release|Any CPU
	EndGlobalSection
	GlobalSection(ProjectConfigurationPlatforms) = postSolution
		{46426621-3BBD-401F-AC99-36AB6498D1AE}.Debug|Any CPU.ActiveCfg = Debug|Any CPU
		{46426621-3BBD-401F-AC99-36AB6498D1AE}.Debug|Any CPU.Build.0 = Debug|Any CPU
		{46426621-3BBD-401F-AC99-36AB6498D1AE}.Release|Any CPU.ActiveCfg = Release|Any CPU
		{46426621-3BBD-401F-AC99-36AB6498D1AE}.Release|Any CPU.Build.0 = Release|Any CPU
	EndGlobalSection
	GlobalSection(SolutionProperties) = preSolution
		HideSolutionNode = FALSE
	EndGlobalSection
	GlobalSection(ExtensibilityGlobals) = postSolution
		SolutionGuid = {07A7BA78-8173-4455-93CD-4C0C577C15F1}
	EndGlobalSection
EndGlobal
